
Microsoft Visual Studio Solution File, Format Version 12.00
# Visual Studio Version 17
VisualStudioVersion = 17.14.36930.0 d17.14
MinimumVisualStudioVersion = 10.0.40219.1
Project("{FAE04EC0-301F-11D3-BF4B-00C04F79EFBC}") = "TesteTecnico.API", "TesteTecnico.API\TesteTecnico.API.csproj", "{ACAC333B-2F65-48CF-8F3F-7EEA06A30B3B}"
EndProject
Global
	GlobalSection(SolutionConfigurationPlatforms) = preSolution
		Debug|Any CPU = Debug|Any CPU
		Release|Any CPU = Release|Any CPU
	EndGlobalSection
	GlobalSection(ProjectConfigurationPlatforms) = postSolution
		{ACAC333B-2F65-48CF-8F3F-7EEA06A30B3B}.Debug|Any CPU.ActiveCfg = Debug|Any CPU
		{ACAC333B-2F65-48CF-8F3F-7EEA06A30B3B}.Debug|Any CPU.Build.0 = Debug|Any CPU
		{ACAC333B-2F65-48CF-8F3F-7EEA06A30B3B}.Release|Any CPU.ActiveCfg = Release|Any CPU
		{ACAC333B-2F65-48CF-8F3F-7EEA06A30B3B}.Release|Any CPU.Build.0 = Release|Any CPU
	EndGlobalSection
	GlobalSection(SolutionProperties) = preSolution
		HideSolutionNode = FALSE
	EndGlobalSection
	GlobalSection(ExtensibilityGlobals) = postSolution
		SolutionGuid = {52423D64-615A-4BED-A5B5-F71ECB625D65}
	EndGlobalSection
EndGlobal
